
Microsoft Visual Studio Solution File, Format Version 12.00
# Visual Studio Version 17
VisualStudioVersion = 17.3.32922.545
MinimumVisualStudioVersion = 10.0.40219.1
Project("{9A19103F-16F7-4668-BE54-9A1E7A4F7556}") = "WebUI", "WebUI\WebUI.csproj", "{0D85542D-CDC7-41AA-A4D7-041E7400E79F}"
EndProject
Project("{9A19103F-16F7-4668-BE54-9A1E7A4F7556}") = "DataAccess", "DataAccess\DataAccess.csproj", "{15EAD1BF-42D9-4685-94B1-1B6F58D21C30}"
EndProject
Project("{9A19103F-16F7-4668-BE54-9A1E7A4F7556}") = "Models", "Models\Models.csproj", "{E7D11119-2F0A-4D51-AA51-01AC305D6D41}"
EndProject
Project("{FAE04EC0-301F-11D3-BF4B-00C04F79EFBC}") = "Core", "Core\Core.csproj", "{1B69410B-98FF-44E8-A863-30AA2091923F}"
EndProject
Global
	GlobalSection(SolutionConfigurationPlatforms) = preSolution
		Debug|Any CPU = Debug|Any CPU
		Release|Any CPU = Release|Any CPU
	EndGlobalSection
	GlobalSection(ProjectConfigurationPlatforms) = postSolution
		{0D85542D-CDC7-41AA-A4D7-041E7400E79F}.Debug|Any CPU.ActiveCfg = Debug|Any CPU
		{0D85542D-CDC7-41AA-A4D7-041E7400E79F}.Debug|Any CPU.Build.0 = Debug|Any CPU
		{0D85542D-CDC7-41AA-A4D7-041E7400E79F}.Release|Any CPU.ActiveCfg = Release|Any CPU
		{0D85542D-CDC7-41AA-A4D7-041E7400E79F}.Release|Any CPU.Build.0 = Release|Any CPU
		{15EAD1BF-42D9-4685-94B1-1B6F58D21C30}.Debug|Any CPU.ActiveCfg = Debug|Any CPU
		{15EAD1BF-42D9-4685-94B1-1B6F58D21C30}.Debug|Any CPU.Build.0 = Debug|Any CPU
		{15EAD1BF-42D9-4685-94B1-1B6F58D21C30}.Release|Any CPU.ActiveCfg = Release|Any CPU
		{15EAD1BF-42D9-4685-94B1-1B6F58D21C30}.Release|Any CPU.Build.0 = Release|Any CPU
		{E7D11119-2F0A-4D51-AA51-01AC305D6D41}.Debug|Any CPU.ActiveCfg = Debug|Any CPU
		{E7D11119-2F0A-4D51-AA51-01AC305D6D41}.Debug|Any CPU.Build.0 = Debug|Any CPU
		{E7D11119-2F0A-4D51-AA51-01AC305D6D41}.Release|Any CPU.ActiveCfg = Release|Any CPU
		{E7D11119-2F0A-4D51-AA51-01AC305D6D41}.Release|Any CPU.Build.0 = Release|Any CPU
		{1B69410B-98FF-44E8-A863-30AA2091923F}.Debug|Any CPU.ActiveCfg = Debug|Any CPU
		{1B69410B-98FF-44E8-A863-30AA2091923F}.Debug|Any CPU.Build.0 = Debug|Any CPU
		{1B69410B-98FF-44E8-A863-30AA2091923F}.Release|Any CPU.ActiveCfg = Release|Any CPU
		{1B69410B-98FF-44E8-A863-30AA2091923F}.Release|Any CPU.Build.0 = Release|Any CPU
	EndGlobalSection
	GlobalSection(SolutionProperties) = preSolution
		HideSolutionNode = FALSE
	EndGlobalSection
	GlobalSection(ExtensibilityGlobals) = postSolution
		SolutionGuid = {2D946296-E491-4F68-887C-7F464AE36129}
	EndGlobalSection
EndGlobal
